
Microsoft Visual Studio Solution File, Format Version 11.00
# Visual Basic Express 2010
Project("{F184B08F-C81C-45F6-A57F-5ABD9991F28F}") = "Oturum Yöneticisi", "Oturum Yöneticisi\Oturum Yöneticisi.vbproj", "{2C7DC4B7-8B0A-4861-9820-EFC19954F2EA}"
EndProject
Global
	GlobalSection(SolutionConfigurationPlatforms) = preSolution
		Debug|x86 = Debug|x86
		Release|x86 = Release|x86
	EndGlobalSection
	GlobalSection(ProjectConfigurationPlatforms) = postSolution
		{2C7DC4B7-8B0A-4861-9820-EFC19954F2EA}.Debug|x86.ActiveCfg = Debug|x86
		{2C7DC4B7-8B0A-4861-9820-EFC19954F2EA}.Debug|x86.Build.0 = Debug|x86
		{2C7DC4B7-8B0A-4861-9820-EFC19954F2EA}.Release|x86.ActiveCfg = Release|x86
		{2C7DC4B7-8B0A-4861-9820-EFC19954F2EA}.Release|x86.Build.0 = Release|x86
	EndGlobalSection
	GlobalSection(SolutionProperties) = preSolution
		HideSolutionNode = FALSE
	EndGlobalSection
EndGlobal
